// !$*UTF8*$!
{
	archiveVersion = 1;
	classes = {
	};
	objectVersion = 50;
	objects = {

/* Begin PBXBuildFile section */
		81C16E44210D4040002E2E2D /* AppDelegate.swift in Sources */ = {isa = PBXBuildFile; fileRef = 81C16E43210D4040002E2E2D /* AppDelegate.swift */; };
		81C16E46210D4040002E2E2D /* ViewController.swift in Sources */ = {isa = PBXBuildFile; fileRef = 81C16E45210D4040002E2E2D /* ViewController.swift */; };
		81C16E49210D4040002E2E2D /* Main.storyboard in Resources */ = {isa = PBXBuildFile; fileRef = 81C16E47210D4040002E2E2D /* Main.storyboard */; };
		81C16E4B210D4042002E2E2D /* Assets.xcassets in Resources */ = {isa = PBXBuildFile; fileRef = 81C16E4A210D4042002E2E2D /* Assets.xcassets */; };
		81C16E4E210D4042002E2E2D /* LaunchScreen.storyboard in Resources */ = {isa = PBXBuildFile; fileRef = 81C16E4C210D4042002E2E2D /* LaunchScreen.storyboard */; };
		81C16E56210D43DE002E2E2D /* GridView.swift in Sources */ = {isa = PBXBuildFile; fileRef = 81C16E55210D43DE002E2E2D /* GridView.swift */; };
		81C16E58210D44AD002E2E2D /* Overlay.swift in Sources */ = {isa = PBXBuildFile; fileRef = 81C16E57210D44AD002E2E2D /* Overlay.swift */; };
		81C16E5A210D454D002E2E2D /* ScoreView.swift in Sources */ = {isa = PBXBuildFile; fileRef = 81C16E59210D454D002E2E2D /* ScoreView.swift */; };
		81C16E5C210D48D4002E2E2D /* GameManager.swift in Sources */ = {isa = PBXBuildFile; fileRef = 81C16E5B210D48D4002E2E2D /* GameManager.swift */; };
		81C16E5E210D495E002E2E2D /* Cell.swift in Sources */ = {isa = PBXBuildFile; fileRef = 81C16E5D210D495E002E2E2D /* Cell.swift */; };
		81C16E60210D4B97002E2E2D /* Grid.swift in Sources */ = {isa = PBXBuildFile; fileRef = 81C16E5F210D4B97002E2E2D /* Grid.swift */; };
		81C16E62210D4CF0002E2E2D /* Scene.swift in Sources */ = {isa = PBXBuildFile; fileRef = 81C16E61210D4CF0002E2E2D /* Scene.swift */; };
		81C16E64210D4ED2002E2E2D /* Tile.swift in Sources */ = {isa = PBXBuildFile; fileRef = 81C16E63210D4ED2002E2E2D /* Tile.swift */; };
		81C16E68210D53B6002E2E2D /* GlobalState.swift in Sources */ = {isa = PBXBuildFile; fileRef = 81C16E67210D53B6002E2E2D /* GlobalState.swift */; };
		81C16E6A210D53F1002E2E2D /* Position.swift in Sources */ = {isa = PBXBuildFile; fileRef = 81C16E69210D53F1002E2E2D /* Position.swift */; };
		81C16E6C210D567F002E2E2D /* SettingsDetailViewController.swift in Sources */ = {isa = PBXBuildFile; fileRef = 81C16E6B210D567F002E2E2D /* SettingsDetailViewController.swift */; };
		81C16E6E210D5735002E2E2D /* SettingsViewController.swift in Sources */ = {isa = PBXBuildFile; fileRef = 81C16E6D210D5735002E2E2D /* SettingsViewController.swift */; };
		81C16E70210D5A15002E2E2D /* Theme.swift in Sources */ = {isa = PBXBuildFile; fileRef = 81C16E6F210D5A15002E2E2D /* Theme.swift */; };
		81C16E72210D5A52002E2E2D /* DefaultTheme.swift in Sources */ = {isa = PBXBuildFile; fileRef = 81C16E71210D5A52002E2E2D /* DefaultTheme.swift */; };
		81C16E74210D5A96002E2E2D /* VibrantTheme.swift in Sources */ = {isa = PBXBuildFile; fileRef = 81C16E73210D5A96002E2E2D /* VibrantTheme.swift */; };
		81C16E76210D5AC5002E2E2D /* JoyfulTheme.swift in Sources */ = {isa = PBXBuildFile; fileRef = 81C16E75210D5AC5002E2E2D /* JoyfulTheme.swift */; };
/* End PBXBuildFile section */

/* Begin PBXFileReference section */
		81C16E40210D4040002E2E2D /* Fibonacci.app */ = {isa = PBXFileReference; explicitFileType = wrapper.application; includeInIndex = 0; path = Fibonacci.app; sourceTree = BUILT_PRODUCTS_DIR; };
		81C16E43210D4040002E2E2D /* AppDelegate.swift */ = {isa = PBXFileReference; lastKnownFileType = sourcecode.swift; path = AppDelegate.swift; sourceTree = "<group>"; };
		81C16E45210D4040002E2E2D /* ViewController.swift */ = {isa = PBXFileReference; lastKnownFileType = sourcecode.swift; path = ViewController.swift; sourceTree = "<group>"; };
		81C16E48210D4040002E2E2D /* Base */ = {isa = PBXFileReference; lastKnownFileType = file.storyboard; name = Base; path = Base.lproj/Main.storyboard; sourceTree = "<group>"; };
		81C16E4A210D4042002E2E2D /* Assets.xcassets */ = {isa = PBXFileReference; lastKnownFileType = folder.assetcatalog; path = Assets.xcassets; sourceTree = "<group>"; };
		81C16E4D210D4042002E2E2D /* Base */ = {isa = PBXFileReference; lastKnownFileType = file.storyboard; name = Base; path = Base.lproj/LaunchScreen.storyboard; sourceTree = "<group>"; };
		81C16E4F210D4042002E2E2D /* Info.plist */ = {isa = PBXFileReference; lastKnownFileType = text.plist.xml; path = Info.plist; sourceTree = "<group>"; };
		81C16E55210D43DE002E2E2D /* GridView.swift */ = {isa = PBXFileReference; lastKnownFileType = sourcecode.swift; path = GridView.swift; sourceTree = "<group>"; };
		81C16E57210D44AD002E2E2D /* Overlay.swift */ = {isa = PBXFileReference; lastKnownFileType = sourcecode.swift; path = Overlay.swift; sourceTree = "<group>"; };
		81C16E59210D454D002E2E2D /* ScoreView.swift */ = {isa = PBXFileReference; lastKnownFileType = sourcecode.swift; path = ScoreView.swift; sourceTree = "<group>"; };
		81C16E5B210D48D4002E2E2D /* GameManager.swift */ = {isa = PBXFileReference; lastKnownFileType = sourcecode.swift; path = GameManager.swift; sourceTree = "<group>"; };
		81C16E5D210D495E002E2E2D /* Cell.swift */ = {isa = PBXFileReference; lastKnownFileType = sourcecode.swift; path = Cell.swift; sourceTree = "<group>"; };
		81C16E5F210D4B97002E2E2D /* Grid.swift */ = {isa = PBXFileReference; lastKnownFileType = sourcecode.swift; path = Grid.swift; sourceTree = "<group>"; };
		81C16E61210D4CF0002E2E2D /* Scene.swift */ = {isa = PBXFileReference; lastKnownFileType = sourcecode.swift; path = Scene.swift; sourceTree = "<group>"; };
		81C16E63210D4ED2002E2E2D /* Tile.swift */ = {isa = PBXFileReference; lastKnownFileType = sourcecode.swift; path = Tile.swift; sourceTree = "<group>"; };
		81C16E67210D53B6002E2E2D /* GlobalState.swift */ = {isa = PBXFileReference; lastKnownFileType = sourcecode.swift; path = GlobalState.swift; sourceTree = "<group>"; };
		81C16E69210D53F1002E2E2D /* Position.swift */ = {isa = PBXFileReference; lastKnownFileType = sourcecode.swift; path = Position.swift; sourceTree = "<group>"; };
		81C16E6B210D567F002E2E2D /* SettingsDetailViewController.swift */ = {isa = PBXFileReference; lastKnownFileType = sourcecode.swift; path = SettingsDetailViewController.swift; sourceTree = "<group>"; };
		81C16E6D210D5735002E2E2D /* SettingsViewController.swift */ = {isa = PBXFileReference; lastKnownFileType = sourcecode.swift; path = SettingsViewController.swift; sourceTree = "<group>"; };
		81C16E6F210D5A15002E2E2D /* Theme.swift */ = {isa = PBXFileReference; lastKnownFileType = sourcecode.swift; path = Theme.swift; sourceTree = "<group>"; };
		81C16E71210D5A52002E2E2D /* DefaultTheme.swift */ = {isa = PBXFileReference; lastKnownFileType = sourcecode.swift; path = DefaultTheme.swift; sourceTree = "<group>"; };
		81C16E73210D5A96002E2E2D /* VibrantTheme.swift */ = {isa = PBXFileReference; lastKnownFileType = sourcecode.swift; path = VibrantTheme.swift; sourceTree = "<group>"; };
		81C16E75210D5AC5002E2E2D /* JoyfulTheme.swift */ = {isa = PBXFileReference; lastKnownFileType = sourcecode.swift; path = JoyfulTheme.swift; sourceTree = "<group>"; };
/* End PBXFileReference section */

/* Begin PBXFrameworksBuildPhase section */
		81C16E3D210D4040002E2E2D /* Frameworks */ = {
			isa = PBXFrameworksBuildPhase;
			buildActionMask = 2147483647;
			files = (
			);
			runOnlyForDeploymentPostprocessing = 0;
		};
/* End PBXFrameworksBuildPhase section */

/* Begin PBXGroup section */
		81C16E37210D4040002E2E2D = {
			isa = PBXGroup;
			children = (
				81C16E42210D4040002E2E2D /* Fibonacci */,
				81C16E41210D4040002E2E2D /* Products */,
			);
			sourceTree = "<group>";
		};
		81C16E41210D4040002E2E2D /* Products */ = {
			isa = PBXGroup;
			children = (
				81C16E40210D4040002E2E2D /* Fibonacci.app */,
			);
			name = Products;
			sourceTree = "<group>";
		};
		81C16E42210D4040002E2E2D /* Fibonacci */ = {
			isa = PBXGroup;
			children = (
				81C16E43210D4040002E2E2D /* AppDelegate.swift */,
				81C16E4A210D4042002E2E2D /* Assets.xcassets */,
				81C16E77210D5B0D002E2E2D /* Controllers */,
				81C16E4F210D4042002E2E2D /* Info.plist */,
				81C16E7B210D5B93002E2E2D /* Models */,
				81C16E79210D5B48002E2E2D /* Storyboards */,
				81C16E7A210D5B7D002E2E2D /* Themes */,
				81C16E78210D5B40002E2E2D /* Views */,
			);
			path = Fibonacci;
			sourceTree = "<group>";
		};
		81C16E77210D5B0D002E2E2D /* Controllers */ = {
			isa = PBXGroup;
			children = (
				81C16E6B210D567F002E2E2D /* SettingsDetailViewController.swift */,
				81C16E6D210D5735002E2E2D /* SettingsViewController.swift */,
				81C16E45210D4040002E2E2D /* ViewController.swift */,
			);
			path = Controllers;
			sourceTree = "<group>";
		};
		81C16E78210D5B40002E2E2D /* Views */ = {
			isa = PBXGroup;
			children = (
				81C16E55210D43DE002E2E2D /* GridView.swift */,
				81C16E57210D44AD002E2E2D /* Overlay.swift */,
				81C16E59210D454D002E2E2D /* ScoreView.swift */,
			);
			path = Views;
			sourceTree = "<group>";
		};
		81C16E79210D5B48002E2E2D /* Storyboards */ = {
			isa = PBXGroup;
			children = (
				81C16E4C210D4042002E2E2D /* LaunchScreen.storyboard */,
				81C16E47210D4040002E2E2D /* Main.storyboard */,
			);
			path = Storyboards;
			sourceTree = "<group>";
		};
		81C16E7A210D5B7D002E2E2D /* Themes */ = {
			isa = PBXGroup;
			children = (
				81C16E71210D5A52002E2E2D /* DefaultTheme.swift */,
				81C16E75210D5AC5002E2E2D /* JoyfulTheme.swift */,
				81C16E6F210D5A15002E2E2D /* Theme.swift */,
				81C16E73210D5A96002E2E2D /* VibrantTheme.swift */,
			);
			path = Themes;
			sourceTree = "<group>";
		};
		81C16E7B210D5B93002E2E2D /* Models */ = {
			isa = PBXGroup;
			children = (
				81C16E5D210D495E002E2E2D /* Cell.swift */,
				81C16E5B210D48D4002E2E2D /* GameManager.swift */,
				81C16E67210D53B6002E2E2D /* GlobalState.swift */,
				81C16E5F210D4B97002E2E2D /* Grid.swift */,
				81C16E69210D53F1002E2E2D /* Position.swift */,
				81C16E61210D4CF0002E2E2D /* Scene.swift */,
				81C16E63210D4ED2002E2E2D /* Tile.swift */,
			);
			path = Models;
			sourceTree = "<group>";
		};
/* End PBXGroup section */

/* Begin PBXNativeTarget section */
		81C16E3F210D4040002E2E2D /* Fibonacci */ = {
			isa = PBXNativeTarget;
			buildConfigurationList = 81C16E52210D4042002E2E2D /* Build configuration list for PBXNativeTarget "Fibonacci" */;
			buildPhases = (
				81C16E3C210D4040002E2E2D /* Sources */,
				81C16E3D210D4040002E2E2D /* Frameworks */,
				81C16E3E210D4040002E2E2D /* Resources */,
			);
			buildRules = (
			);
			dependencies = (
			);
			name = Fibonacci;
			productName = Fibonacci;
			productReference = 81C16E40210D4040002E2E2D /* Fibonacci.app */;
			productType = "com.apple.product-type.application";
		};
/* End PBXNativeTarget section */

/* Begin PBXProject section */
		81C16E38210D4040002E2E2D /* Project object */ = {
			isa = PBXProject;
			attributes = {
				LastSwiftUpdateCheck = 0940;
				LastUpgradeCheck = 0940;
				ORGANIZATIONNAME = yorman;
				TargetAttributes = {
					81C16E3F210D4040002E2E2D = {
						CreatedOnToolsVersion = 9.4.1;
					};
				};
			};
			buildConfigurationList = 81C16E3B210D4040002E2E2D /* Build configuration list for PBXProject "Fibonacci" */;
			compatibilityVersion = "Xcode 9.3";
			developmentRegion = en;
			hasScannedForEncodings = 0;
			knownRegions = (
				en,
				Base,
			);
			mainGroup = 81C16E37210D4040002E2E2D;
			productRefGroup = 81C16E41210D4040002E2E2D /* Products */;
			projectDirPath = "";
			projectRoot = "";
			targets = (
				81C16E3F210D4040002E2E2D /* Fibonacci */,
			);
		};
/* End PBXProject section */

/* Begin PBXResourcesBuildPhase section */
		81C16E3E210D4040002E2E2D /* Resources */ = {
			isa = PBXResourcesBuildPhase;
			buildActionMask = 2147483647;
			files = (
				81C16E4E210D4042002E2E2D /* LaunchScreen.storyboard in Resources */,
				81C16E4B210D4042002E2E2D /* Assets.xcassets in Resources */,
				81C16E49210D4040002E2E2D /* Main.storyboard in Resources */,
			);
			runOnlyForDeploymentPostprocessing = 0;
		};
/* End PBXResourcesBuildPhase section */

/* Begin PBXSourcesBuildPhase section */
		81C16E3C210D4040002E2E2D /* Sources */ = {
			isa = PBXSourcesBuildPhase;
			buildActionMask = 2147483647;
			files = (
				81C16E46210D4040002E2E2D /* ViewController.swift in Sources */,
				81C16E5C210D48D4002E2E2D /* GameManager.swift in Sources */,
				81C16E6A210D53F1002E2E2D /* Position.swift in Sources */,
				81C16E5E210D495E002E2E2D /* Cell.swift in Sources */,
				81C16E60210D4B97002E2E2D /* Grid.swift in Sources */,
				81C16E72210D5A52002E2E2D /* DefaultTheme.swift in Sources */,
				81C16E56210D43DE002E2E2D /* GridView.swift in Sources */,
				81C16E58210D44AD002E2E2D /* Overlay.swift in Sources */,
				81C16E44210D4040002E2E2D /* AppDelegate.swift in Sources */,
				81C16E6C210D567F002E2E2D /* SettingsDetailViewController.swift in Sources */,
				81C16E76210D5AC5002E2E2D /* JoyfulTheme.swift in Sources */,
				81C16E6E210D5735002E2E2D /* SettingsViewController.swift in Sources */,
				81C16E74210D5A96002E2E2D /* VibrantTheme.swift in Sources */,
				81C16E68210D53B6002E2E2D /* GlobalState.swift in Sources */,
				81C16E64210D4ED2002E2E2D /* Tile.swift in Sources */,
				81C16E70210D5A15002E2E2D /* Theme.swift in Sources */,
				81C16E5A210D454D002E2E2D /* ScoreView.swift in Sources */,
				81C16E62210D4CF0002E2E2D /* Scene.swift in Sources */,
			);
			runOnlyForDeploymentPostprocessing = 0;
		};
/* End PBXSourcesBuildPhase section */

/* Begin PBXVariantGroup section */
		81C16E47210D4040002E2E2D /* Main.storyboard */ = {
			isa = PBXVariantGroup;
			children = (
				81C16E48210D4040002E2E2D /* Base */,
			);
			name = Main.storyboard;
			sourceTree = "<group>";
		};
		81C16E4C210D4042002E2E2D /* LaunchScreen.storyboard */ = {
			isa = PBXVariantGroup;
			children = (
				81C16E4D210D4042002E2E2D /* Base */,
			);
			name = LaunchScreen.storyboard;
			sourceTree = "<group>";
		};
/* End PBXVariantGroup section */

/* Begin XCBuildConfiguration section */
		81C16E50210D4042002E2E2D /* Debug */ = {
			isa = XCBuildConfiguration;
			buildSettings = {
				ALWAYS_SEARCH_USER_PATHS = NO;
				CLANG_ANALYZER_NONNULL = YES;
				CLANG_ANALYZER_NUMBER_OBJECT_CONVERSION = YES_AGGRESSIVE;
				CLANG_CXX_LANGUAGE_STANDARD = "gnu++14";
				CLANG_CXX_LIBRARY = "libc++";
				CLANG_ENABLE_MODULES = YES;
				CLANG_ENABLE_OBJC_ARC = YES;
				CLANG_ENABLE_OBJC_WEAK = YES;
				CLANG_WARN_BLOCK_CAPTURE_AUTORELEASING = YES;
				CLANG_WARN_BOOL_CONVERSION = YES;
				CLANG_WARN_COMMA = YES;
				CLANG_WARN_CONSTANT_CONVERSION = YES;
				CLANG_WARN_DEPRECATED_OBJC_IMPLEMENTATIONS = YES;
				CLANG_WARN_DIRECT_OBJC_ISA_USAGE = YES_ERROR;
				CLANG_WARN_DOCUMENTATION_COMMENTS = YES;
				CLANG_WARN_EMPTY_BODY = YES;
				CLANG_WARN_ENUM_CONVERSION = YES;
				CLANG_WARN_INFINITE_RECURSION = YES;
				CLANG_WARN_INT_CONVERSION = YES;
				CLANG_WARN_NON_LITERAL_NULL_CONVERSION = YES;
				CLANG_WARN_OBJC_IMPLICIT_RETAIN_SELF = YES;
				CLANG_WARN_OBJC_LITERAL_CONVERSION = YES;
				CLANG_WARN_OBJC_ROOT_CLASS = YES_ERROR;
				CLANG_WARN_RANGE_LOOP_ANALYSIS = YES;
				CLANG_WARN_STRICT_PROTOTYPES = YES;
				CLANG_WARN_SUSPICIOUS_MOVE = YES;
				CLANG_WARN_UNGUARDED_AVAILABILITY = YES_AGGRESSIVE;
				CLANG_WARN_UNREACHABLE_CODE = YES;
				CLANG_WARN__DUPLICATE_METHOD_MATCH = YES;
				CODE_SIGN_IDENTITY = "iPhone Developer";
				COPY_PHASE_STRIP = NO;
				DEBUG_INFORMATION_FORMAT = dwarf;
				ENABLE_STRICT_OBJC_MSGSEND = YES;
				ENABLE_TESTABILITY = YES;
				GCC_C_LANGUAGE_STANDARD = gnu11;
				GCC_DYNAMIC_NO_PIC = NO;
				GCC_NO_COMMON_BLOCKS = YES;
				GCC_OPTIMIZATION_LEVEL = 0;
				GCC_PREPROCESSOR_DEFINITIONS = (
					"DEBUG=1",
					"$(inherited)",
				);
				GCC_WARN_64_TO_32_BIT_CONVERSION = YES;
				GCC_WARN_ABOUT_RETURN_TYPE = YES_ERROR;
				GCC_WARN_UNDECLARED_SELECTOR = YES;
				GCC_WARN_UNINITIALIZED_AUTOS = YES_AGGRESSIVE;
				GCC_WARN_UNUSED_FUNCTION = YES;
				GCC_WARN_UNUSED_VARIABLE = YES;
				IPHONEOS_DEPLOYMENT_TARGET = 11.4;
				MTL_ENABLE_DEBUG_INFO = YES;
				ONLY_ACTIVE_ARCH = YES;
				SDKROOT = iphoneos;
				SWIFT_ACTIVE_COMPILATION_CONDITIONS = DEBUG;
				SWIFT_OPTIMIZATION_LEVEL = "-Onone";
			};
			name = Debug;
		};
		81C16E51210D4042002E2E2D /* Release */ = {
			isa = XCBuildConfiguration;
			buildSettings = {
				ALWAYS_SEARCH_USER_PATHS = NO;
				CLANG_ANALYZER_NONNULL = YES;
				CLANG_ANALYZER_NUMBER_OBJECT_CONVERSION = YES_AGGRESSIVE;
				CLANG_CXX_LANGUAGE_STANDARD = "gnu++14";
				CLANG_CXX_LIBRARY = "libc++";
				CLANG_ENABLE_MODULES = YES;
				CLANG_ENABLE_OBJC_ARC = YES;
				CLANG_ENABLE_OBJC_WEAK = YES;
				CLANG_WARN_BLOCK_CAPTURE_AUTORELEASING = YES;
				CLANG_WARN_BOOL_CONVERSION = YES;
				CLANG_WARN_COMMA = YES;
				CLANG_WARN_CONSTANT_CONVERSION = YES;
				CLANG_WARN_DEPRECATED_OBJC_IMPLEMENTATIONS = YES;
				CLANG_WARN_DIRECT_OBJC_ISA_USAGE = YES_ERROR;
				CLANG_WARN_DOCUMENTATION_COMMENTS = YES;
				CLANG_WARN_EMPTY_BODY = YES;
				CLANG_WARN_ENUM_CONVERSION = YES;
				CLANG_WARN_INFINITE_RECURSION = YES;
				CLANG_WARN_INT_CONVERSION = YES;
				CLANG_WARN_NON_LITERAL_NULL_CONVERSION = YES;
				CLANG_WARN_OBJC_IMPLICIT_RETAIN_SELF = YES;
				CLANG_WARN_OBJC_LITERAL_CONVERSION = YES;
				CLANG_WARN_OBJC_ROOT_CLASS = YES_ERROR;
				CLANG_WARN_RANGE_LOOP_ANALYSIS = YES;
				CLANG_WARN_STRICT_PROTOTYPES = YES;
				CLANG_WARN_SUSPICIOUS_MOVE = YES;
				CLANG_WARN_UNGUARDED_AVAILABILITY = YES_AGGRESSIVE;
				CLANG_WARN_UNREACHABLE_CODE = YES;
				CLANG_WARN__DUPLICATE_METHOD_MATCH = YES;
				CODE_SIGN_IDENTITY = "iPhone Developer";
				COPY_PHASE_STRIP = NO;
				DEBUG_INFORMATION_FORMAT = "dwarf-with-dsym";
				ENABLE_NS_ASSERTIONS = NO;
				ENABLE_STRICT_OBJC_MSGSEND = YES;
				GCC_C_LANGUAGE_STANDARD = gnu11;
				GCC_NO_COMMON_BLOCKS = YES;
				GCC_WARN_64_TO_32_BIT_CONVERSION = YES;
				GCC_WARN_ABOUT_RETURN_TYPE = YES_ERROR;
				GCC_WARN_UNDECLARED_SELECTOR = YES;
				GCC_WARN_UNINITIALIZED_AUTOS = YES_AGGRESSIVE;
				GCC_WARN_UNUSED_FUNCTION = YES;
				GCC_WARN_UNUSED_VARIABLE = YES;
				IPHONEOS_DEPLOYMENT_TARGET = 11.4;
				MTL_ENABLE_DEBUG_INFO = NO;
				SDKROOT = iphoneos;
				SWIFT_COMPILATION_MODE = wholemodule;
				SWIFT_OPTIMIZATION_LEVEL = "-O";
				VALIDATE_PRODUCT = YES;
			};
			name = Release;
		};
		81C16E53210D4042002E2E2D /* Debug */ = {
			isa = XCBuildConfiguration;
			buildSettings = {
				ASSETCATALOG_COMPILER_APPICON_NAME = AppIcon;
				CODE_SIGN_STYLE = Automatic;
				INFOPLIST_FILE = Fibonacci/Info.plist;
				LD_RUNPATH_SEARCH_PATHS = (
					"$(inherited)",
					"@executable_path/Frameworks",
				);
				PRODUCT_BUNDLE_IDENTIFIER = ca.ciccc.yorman.Fibonacci;
				PRODUCT_NAME = "$(TARGET_NAME)";
				SWIFT_VERSION = 4.0;
				TARGETED_DEVICE_FAMILY = "1,2";
			};
			name = Debug;
		};
		81C16E54210D4042002E2E2D /* Release */ = {
			isa = XCBuildConfiguration;
			buildSettings = {
				ASSETCATALOG_COMPILER_APPICON_NAME = AppIcon;
				CODE_SIGN_STYLE = Automatic;
				INFOPLIST_FILE = Fibonacci/Info.plist;
				LD_RUNPATH_SEARCH_PATHS = (
					"$(inherited)",
					"@executable_path/Frameworks",
				);
				PRODUCT_BUNDLE_IDENTIFIER = ca.ciccc.yorman.Fibonacci;
				PRODUCT_NAME = "$(TARGET_NAME)";
				SWIFT_VERSION = 4.0;
				TARGETED_DEVICE_FAMILY = "1,2";
			};
			name = Release;
		};
/* End XCBuildConfiguration section */

/* Begin XCConfigurationList section */
		81C16E3B210D4040002E2E2D /* Build configuration list for PBXProject "Fibonacci" */ = {
			isa = XCConfigurationList;
			buildConfigurations = (
				81C16E50210D4042002E2E2D /* Debug */,
				81C16E51210D4042002E2E2D /* Release */,
			);
			defaultConfigurationIsVisible = 0;
			defaultConfigurationName = Release;
		};
		81C16E52210D4042002E2E2D /* Build configuration list for PBXNativeTarget "Fibonacci" */ = {
			isa = XCConfigurationList;
			buildConfigurations = (
				81C16E53210D4042002E2E2D /* Debug */,
				81C16E54210D4042002E2E2D /* Release */,
			);
			defaultConfigurationIsVisible = 0;
			defaultConfigurationName = Release;
		};
/* End XCConfigurationList section */
	};
	rootObject = 81C16E38210D4040002E2E2D /* Project object */;
}
